
Microsoft Visual Studio Solution File, Format Version 12.00
Project("{FAE04EC0-301F-11D3-BF4B-00C04F79EFBC}") = "EcoWattServer", "EcoWattServer\EcoWattServer.csproj", "{BC08A0A1-15AB-4E90-90C9-269D7C44ADEC}"
EndProject
Project("{FAE04EC0-301F-11D3-BF4B-00C04F79EFBC}") = "Core", "Core\Core.csproj", "{855FBCB4-5E5A-458B-A2C5-EC1F9003181A}"
EndProject
Global
	GlobalSection(SolutionConfigurationPlatforms) = preSolution
		Debug|Any CPU = Debug|Any CPU
		Release|Any CPU = Release|Any CPU
	EndGlobalSection
	GlobalSection(ProjectConfigurationPlatforms) = postSolution
		{BC08A0A1-15AB-4E90-90C9-269D7C44ADEC}.Debug|Any CPU.ActiveCfg = Debug|Any CPU
		{BC08A0A1-15AB-4E90-90C9-269D7C44ADEC}.Debug|Any CPU.Build.0 = Debug|Any CPU
		{BC08A0A1-15AB-4E90-90C9-269D7C44ADEC}.Release|Any CPU.ActiveCfg = Release|Any CPU
		{BC08A0A1-15AB-4E90-90C9-269D7C44ADEC}.Release|Any CPU.Build.0 = Release|Any CPU
		{855FBCB4-5E5A-458B-A2C5-EC1F9003181A}.Debug|Any CPU.ActiveCfg = Debug|Any CPU
		{855FBCB4-5E5A-458B-A2C5-EC1F9003181A}.Debug|Any CPU.Build.0 = Debug|Any CPU
		{855FBCB4-5E5A-458B-A2C5-EC1F9003181A}.Release|Any CPU.ActiveCfg = Release|Any CPU
		{855FBCB4-5E5A-458B-A2C5-EC1F9003181A}.Release|Any CPU.Build.0 = Release|Any CPU
	EndGlobalSection
EndGlobal
